<?xml version="1.0" encoding="UTF-8" standalone="yes" ?>
<CodeBlocks_project_file>
	<FileVersion major="1" minor="6" />
	<Project>
		<Option title="Project1_NumericMethods" />
		<Option pch_mode="2" />
		<Option compiler="gcc" />
		<Build>
			<Target title="Debug">
				<Option output="bin/Debug/Project1_NumericMethods" prefix_auto="1" extension_auto="1" />
				<Option object_output="obj/Debug/" />
				<Option type="1" />
				<Option compiler="gcc" />
				<Compiler>
					<Add option="-g" />
					<Add directory="D:/Perkuliahan/C++/Project1_NumericMethods/" />
				</Compiler>
				<Linker>
					<Add directory="D:/Perkuliahan/C++/Project1_NumericMethods/" />
				</Linker>
			</Target>
			<Target title="Release">
				<Option output="bin/Release/Project1_NumericMethods" prefix_auto="1" extension_auto="1" />
				<Option object_output="obj/Release/" />
				<Option type="1" />
				<Option compiler="gcc" />
				<Compiler>
					<Add option="-O2" />
				</Compiler>
				<Linker>
					<Add option="-s" />
				</Linker>
			</Target>
		</Build>
		<Compiler>
			<Add option="-Wall" />
		</Compiler>
		<Unit filename="SPL_DecompositionLU.h" />
		<Unit filename="SPL_Gauss-Jordan.h" />
		<Unit filename="SPL_Gauss-Seidel.h" />
		<Unit filename="SPL_Gauss.h" />
		<Unit filename="SPL_InverseMatrix.h" />
		<Unit filename="SPL_Jacobi.h" />
		<Unit filename="main.cpp" />
		<Extensions>
			<lib_finder disable_auto="1" />
		</Extensions>
	</Project>
</CodeBlocks_project_file>
